
Microsoft Visual Studio Solution File, Format Version 12.00
# Visual Studio Version 17
VisualStudioVersion = 17.3.32819.101
MinimumVisualStudioVersion = 10.0.40219.1
Project("{FAE04EC0-301F-11D3-BF4B-00C04F79EFBC}") = "ProyectCSharp", "ProyectCSharp\ProyectCSharp.csproj", "{34E2FABD-71CA-46B2-BDF5-CE9D43AFB704}"
EndProject
Global
	GlobalSection(SolutionConfigurationPlatforms) = preSolution
		Debug|Any CPU = Debug|Any CPU
		Release|Any CPU = Release|Any CPU
	EndGlobalSection
	GlobalSection(ProjectConfigurationPlatforms) = postSolution
		{34E2FABD-71CA-46B2-BDF5-CE9D43AFB704}.Debug|Any CPU.ActiveCfg = Debug|Any CPU
		{34E2FABD-71CA-46B2-BDF5-CE9D43AFB704}.Debug|Any CPU.Build.0 = Debug|Any CPU
		{34E2FABD-71CA-46B2-BDF5-CE9D43AFB704}.Release|Any CPU.ActiveCfg = Release|Any CPU
		{34E2FABD-71CA-46B2-BDF5-CE9D43AFB704}.Release|Any CPU.Build.0 = Release|Any CPU
	EndGlobalSection
	GlobalSection(SolutionProperties) = preSolution
		HideSolutionNode = FALSE
	EndGlobalSection
	GlobalSection(ExtensibilityGlobals) = postSolution
		SolutionGuid = {3D4D92C0-4D4B-4640-8A44-39089E50C523}
	EndGlobalSection
EndGlobal
